// !$*UTF8*$!
{
	archiveVersion = 1;
	classes = {
	};
	objectVersion = 46;
	objects = {

/* Begin PBXBuildFile section */
		7E0866041EE8E630005FA19F /* main.m in Sources */ = {isa = PBXBuildFile; fileRef = 7E0866031EE8E630005FA19F /* main.m */; };
		7E0866071EE8E630005FA19F /* AppDelegate.m in Sources */ = {isa = PBXBuildFile; fileRef = 7E0866061EE8E630005FA19F /* AppDelegate.m */; };
		7E08660A1EE8E630005FA19F /* ViewController.m in Sources */ = {isa = PBXBuildFile; fileRef = 7E0866091EE8E630005FA19F /* ViewController.m */; settings = {COMPILER_FLAGS = "-fno-objc-arc"; }; };
		7E08660D1EE8E630005FA19F /* Main.storyboard in Resources */ = {isa = PBXBuildFile; fileRef = 7E08660B1EE8E630005FA19F /* Main.storyboard */; };
		7E08660F1EE8E630005FA19F /* Assets.xcassets in Resources */ = {isa = PBXBuildFile; fileRef = 7E08660E1EE8E630005FA19F /* Assets.xcassets */; };
		7E0866121EE8E630005FA19F /* LaunchScreen.storyboard in Resources */ = {isa = PBXBuildFile; fileRef = 7E0866101EE8E630005FA19F /* LaunchScreen.storyboard */; };
		7E08661D1EE8E630005FA19F /* ______Tests.m in Sources */ = {isa = PBXBuildFile; fileRef = 7E08661C1EE8E630005FA19F /* ______Tests.m */; };
		7E0866281EE8E630005FA19F /* ______UITests.m in Sources */ = {isa = PBXBuildFile; fileRef = 7E0866271EE8E630005FA19F /* ______UITests.m */; };
/* End PBXBuildFile section */

/* Begin PBXContainerItemProxy section */
		7E0866191EE8E630005FA19F /* PBXContainerItemProxy */ = {
			isa = PBXContainerItemProxy;
			containerPortal = 7E0865F71EE8E630005FA19F /* Project object */;
			proxyType = 1;
			remoteGlobalIDString = 7E0865FE1EE8E630005FA19F;
			remoteInfo = "引用计数学习";
		};
		7E0866241EE8E630005FA19F /* PBXContainerItemProxy */ = {
			isa = PBXContainerItemProxy;
			containerPortal = 7E0865F71EE8E630005FA19F /* Project object */;
			proxyType = 1;
			remoteGlobalIDString = 7E0865FE1EE8E630005FA19F;
			remoteInfo = "引用计数学习";
		};
/* End PBXContainerItemProxy section */

/* Begin PBXFileReference section */
		7E0865FF1EE8E630005FA19F /* 引用计数学习.app */ = {isa = PBXFileReference; explicitFileType = wrapper.application; includeInIndex = 0; path = "引用计数学习.app"; sourceTree = BUILT_PRODUCTS_DIR; };
		7E0866031EE8E630005FA19F /* main.m */ = {isa = PBXFileReference; lastKnownFileType = sourcecode.c.objc; path = main.m; sourceTree = "<group>"; };
		7E0866051EE8E630005FA19F /* AppDelegate.h */ = {isa = PBXFileReference; lastKnownFileType = sourcecode.c.h; path = AppDelegate.h; sourceTree = "<group>"; };
		7E0866061EE8E630005FA19F /* AppDelegate.m */ = {isa = PBXFileReference; lastKnownFileType = sourcecode.c.objc; path = AppDelegate.m; sourceTree = "<group>"; };
		7E0866081EE8E630005FA19F /* ViewController.h */ = {isa = PBXFileReference; lastKnownFileType = sourcecode.c.h; path = ViewController.h; sourceTree = "<group>"; };
		7E0866091EE8E630005FA19F /* ViewController.m */ = {isa = PBXFileReference; lastKnownFileType = sourcecode.c.objc; path = ViewController.m; sourceTree = "<group>"; };
		7E08660C1EE8E630005FA19F /* Base */ = {isa = PBXFileReference; lastKnownFileType = file.storyboard; name = Base; path = Base.lproj/Main.storyboard; sourceTree = "<group>"; };
		7E08660E1EE8E630005FA19F /* Assets.xcassets */ = {isa = PBXFileReference; lastKnownFileType = folder.assetcatalog; path = Assets.xcassets; sourceTree = "<group>"; };
		7E0866111EE8E630005FA19F /* Base */ = {isa = PBXFileReference; lastKnownFileType = file.storyboard; name = Base; path = Base.lproj/LaunchScreen.storyboard; sourceTree = "<group>"; };
		7E0866131EE8E630005FA19F /* Info.plist */ = {isa = PBXFileReference; lastKnownFileType = text.plist.xml; path = Info.plist; sourceTree = "<group>"; };
		7E0866181EE8E630005FA19F /* 引用计数学习Tests.xctest */ = {isa = PBXFileReference; explicitFileType = wrapper.cfbundle; includeInIndex = 0; path = "引用计数学习Tests.xctest"; sourceTree = BUILT_PRODUCTS_DIR; };
		7E08661C1EE8E630005FA19F /* ______Tests.m */ = {isa = PBXFileReference; lastKnownFileType = sourcecode.c.objc; path = "______Tests.m"; sourceTree = "<group>"; };
		7E08661E1EE8E630005FA19F /* Info.plist */ = {isa = PBXFileReference; lastKnownFileType = text.plist.xml; path = Info.plist; sourceTree = "<group>"; };
		7E0866231EE8E630005FA19F /* 引用计数学习UITests.xctest */ = {isa = PBXFileReference; explicitFileType = wrapper.cfbundle; includeInIndex = 0; path = "引用计数学习UITests.xctest"; sourceTree = BUILT_PRODUCTS_DIR; };
		7E0866271EE8E630005FA19F /* ______UITests.m */ = {isa = PBXFileReference; lastKnownFileType = sourcecode.c.objc; path = "______UITests.m"; sourceTree = "<group>"; };
		7E0866291EE8E630005FA19F /* Info.plist */ = {isa = PBXFileReference; lastKnownFileType = text.plist.xml; path = Info.plist; sourceTree = "<group>"; };
/* End PBXFileReference section */

/* Begin PBXFrameworksBuildPhase section */
		7E0865FC1EE8E630005FA19F /* Frameworks */ = {
			isa = PBXFrameworksBuildPhase;
			buildActionMask = 2147483647;
			files = (
			);
			runOnlyForDeploymentPostprocessing = 0;
		};
		7E0866151EE8E630005FA19F /* Frameworks */ = {
			isa = PBXFrameworksBuildPhase;
			buildActionMask = 2147483647;
			files = (
			);
			runOnlyForDeploymentPostprocessing = 0;
		};
		7E0866201EE8E630005FA19F /* Frameworks */ = {
			isa = PBXFrameworksBuildPhase;
			buildActionMask = 2147483647;
			files = (
			);
			runOnlyForDeploymentPostprocessing = 0;
		};
/* End PBXFrameworksBuildPhase section */

/* Begin PBXGroup section */
		7E0865F61EE8E630005FA19F = {
			isa = PBXGroup;
			children = (
				7E0866011EE8E630005FA19F /* 引用计数学习 */,
				7E08661B1EE8E630005FA19F /* 引用计数学习Tests */,
				7E0866261EE8E630005FA19F /* 引用计数学习UITests */,
				7E0866001EE8E630005FA19F /* Products */,
			);
			sourceTree = "<group>";
		};
		7E0866001EE8E630005FA19F /* Products */ = {
			isa = PBXGroup;
			children = (
				7E0865FF1EE8E630005FA19F /* 引用计数学习.app */,
				7E0866181EE8E630005FA19F /* 引用计数学习Tests.xctest */,
				7E0866231EE8E630005FA19F /* 引用计数学习UITests.xctest */,
			);
			name = Products;
			sourceTree = "<group>";
		};
		7E0866011EE8E630005FA19F /* 引用计数学习 */ = {
			isa = PBXGroup;
			children = (
				7E0866051EE8E630005FA19F /* AppDelegate.h */,
				7E0866061EE8E630005FA19F /* AppDelegate.m */,
				7E0866081EE8E630005FA19F /* ViewController.h */,
				7E0866091EE8E630005FA19F /* ViewController.m */,
				7E08660B1EE8E630005FA19F /* Main.storyboard */,
				7E08660E1EE8E630005FA19F /* Assets.xcassets */,
				7E0866101EE8E630005FA19F /* LaunchScreen.storyboard */,
				7E0866131EE8E630005FA19F /* Info.plist */,
				7E0866021EE8E630005FA19F /* Supporting Files */,
			);
			path = "引用计数学习";
			sourceTree = "<group>";
		};
		7E0866021EE8E630005FA19F /* Supporting Files */ = {
			isa = PBXGroup;
			children = (
				7E0866031EE8E630005FA19F /* main.m */,
			);
			name = "Supporting Files";
			sourceTree = "<group>";
		};
		7E08661B1EE8E630005FA19F /* 引用计数学习Tests */ = {
			isa = PBXGroup;
			children = (
				7E08661C1EE8E630005FA19F /* ______Tests.m */,
				7E08661E1EE8E630005FA19F /* Info.plist */,
			);
			path = "引用计数学习Tests";
			sourceTree = "<group>";
		};
		7E0866261EE8E630005FA19F /* 引用计数学习UITests */ = {
			isa = PBXGroup;
			children = (
				7E0866271EE8E630005FA19F /* ______UITests.m */,
				7E0866291EE8E630005FA19F /* Info.plist */,
			);
			path = "引用计数学习UITests";
			sourceTree = "<group>";
		};
/* End PBXGroup section */

/* Begin PBXNativeTarget section */
		7E0865FE1EE8E630005FA19F /* 引用计数学习 */ = {
			isa = PBXNativeTarget;
			buildConfigurationList = 7E08662C1EE8E630005FA19F /* Build configuration list for PBXNativeTarget "引用计数学习" */;
			buildPhases = (
				7E0865FB1EE8E630005FA19F /* Sources */,
				7E0865FC1EE8E630005FA19F /* Frameworks */,
				7E0865FD1EE8E630005FA19F /* Resources */,
			);
			buildRules = (
			);
			dependencies = (
			);
			name = "引用计数学习";
			productName = "引用计数学习";
			productReference = 7E0865FF1EE8E630005FA19F /* 引用计数学习.app */;
			productType = "com.apple.product-type.application";
		};
		7E0866171EE8E630005FA19F /* 引用计数学习Tests */ = {
			isa = PBXNativeTarget;
			buildConfigurationList = 7E08662F1EE8E630005FA19F /* Build configuration list for PBXNativeTarget "引用计数学习Tests" */;
			buildPhases = (
				7E0866141EE8E630005FA19F /* Sources */,
				7E0866151EE8E630005FA19F /* Frameworks */,
				7E0866161EE8E630005FA19F /* Resources */,
			);
			buildRules = (
			);
			dependencies = (
				7E08661A1EE8E630005FA19F /* PBXTargetDependency */,
			);
			name = "引用计数学习Tests";
			productName = "引用计数学习Tests";
			productReference = 7E0866181EE8E630005FA19F /* 引用计数学习Tests.xctest */;
			productType = "com.apple.product-type.bundle.unit-test";
		};
		7E0866221EE8E630005FA19F /* 引用计数学习UITests */ = {
			isa = PBXNativeTarget;
			buildConfigurationList = 7E0866321EE8E630005FA19F /* Build configuration list for PBXNativeTarget "引用计数学习UITests" */;
			buildPhases = (
				7E08661F1EE8E630005FA19F /* Sources */,
				7E0866201EE8E630005FA19F /* Frameworks */,
				7E0866211EE8E630005FA19F /* Resources */,
			);
			buildRules = (
			);
			dependencies = (
				7E0866251EE8E630005FA19F /* PBXTargetDependency */,
			);
			name = "引用计数学习UITests";
			productName = "引用计数学习UITests";
			productReference = 7E0866231EE8E630005FA19F /* 引用计数学习UITests.xctest */;
			productType = "com.apple.product-type.bundle.ui-testing";
		};
/* End PBXNativeTarget section */

/* Begin PBXProject section */
		7E0865F71EE8E630005FA19F /* Project object */ = {
			isa = PBXProject;
			attributes = {
				LastUpgradeCheck = 0830;
				ORGANIZATIONNAME = qwkj;
				TargetAttributes = {
					7E0865FE1EE8E630005FA19F = {
						CreatedOnToolsVersion = 8.3.2;
						DevelopmentTeam = DXY592L98C;
						ProvisioningStyle = Automatic;
					};
					7E0866171EE8E630005FA19F = {
						CreatedOnToolsVersion = 8.3.2;
						DevelopmentTeam = DXY592L98C;
						ProvisioningStyle = Automatic;
						TestTargetID = 7E0865FE1EE8E630005FA19F;
					};
					7E0866221EE8E630005FA19F = {
						CreatedOnToolsVersion = 8.3.2;
						DevelopmentTeam = DXY592L98C;
						ProvisioningStyle = Automatic;
						TestTargetID = 7E0865FE1EE8E630005FA19F;
					};
				};
			};
			buildConfigurationList = 7E0865FA1EE8E630005FA19F /* Build configuration list for PBXProject "引用计数学习" */;
			compatibilityVersion = "Xcode 3.2";
			developmentRegion = English;
			hasScannedForEncodings = 0;
			knownRegions = (
				en,
				Base,
			);
			mainGroup = 7E0865F61EE8E630005FA19F;
			productRefGroup = 7E0866001EE8E630005FA19F /* Products */;
			projectDirPath = "";
			projectRoot = "";
			targets = (
				7E0865FE1EE8E630005FA19F /* 引用计数学习 */,
				7E0866171EE8E630005FA19F /* 引用计数学习Tests */,
				7E0866221EE8E630005FA19F /* 引用计数学习UITests */,
			);
		};
/* End PBXProject section */

/* Begin PBXResourcesBuildPhase section */
		7E0865FD1EE8E630005FA19F /* Resources */ = {
			isa = PBXResourcesBuildPhase;
			buildActionMask = 2147483647;
			files = (
				7E0866121EE8E630005FA19F /* LaunchScreen.storyboard in Resources */,
				7E08660F1EE8E630005FA19F /* Assets.xcassets in Resources */,
				7E08660D1EE8E630005FA19F /* Main.storyboard in Resources */,
			);
			runOnlyForDeploymentPostprocessing = 0;
		};
		7E0866161EE8E630005FA19F /* Resources */ = {
			isa = PBXResourcesBuildPhase;
			buildActionMask = 2147483647;
			files = (
			);
			runOnlyForDeploymentPostprocessing = 0;
		};
		7E0866211EE8E630005FA19F /* Resources */ = {
			isa = PBXResourcesBuildPhase;
			buildActionMask = 2147483647;
			files = (
			);
			runOnlyForDeploymentPostprocessing = 0;
		};
/* End PBXResourcesBuildPhase section */

/* Begin PBXSourcesBuildPhase section */
		7E0865FB1EE8E630005FA19F /* Sources */ = {
			isa = PBXSourcesBuildPhase;
			buildActionMask = 2147483647;
			files = (
				7E08660A1EE8E630005FA19F /* ViewController.m in Sources */,
				7E0866071EE8E630005FA19F /* AppDelegate.m in Sources */,
				7E0866041EE8E630005FA19F /* main.m in Sources */,
			);
			runOnlyForDeploymentPostprocessing = 0;
		};
		7E0866141EE8E630005FA19F /* Sources */ = {
			isa = PBXSourcesBuildPhase;
			buildActionMask = 2147483647;
			files = (
				7E08661D1EE8E630005FA19F /* ______Tests.m in Sources */,
			);
			runOnlyForDeploymentPostprocessing = 0;
		};
		7E08661F1EE8E630005FA19F /* Sources */ = {
			isa = PBXSourcesBuildPhase;
			buildActionMask = 2147483647;
			files = (
				7E0866281EE8E630005FA19F /* ______UITests.m in Sources */,
			);
			runOnlyForDeploymentPostprocessing = 0;
		};
/* End PBXSourcesBuildPhase section */

/* Begin PBXTargetDependency section */
		7E08661A1EE8E630005FA19F /* PBXTargetDependency */ = {
			isa = PBXTargetDependency;
			target = 7E0865FE1EE8E630005FA19F /* 引用计数学习 */;
			targetProxy = 7E0866191EE8E630005FA19F /* PBXContainerItemProxy */;
		};
		7E0866251EE8E630005FA19F /* PBXTargetDependency */ = {
			isa = PBXTargetDependency;
			target = 7E0865FE1EE8E630005FA19F /* 引用计数学习 */;
			targetProxy = 7E0866241EE8E630005FA19F /* PBXContainerItemProxy */;
		};
/* End PBXTargetDependency section */

/* Begin PBXVariantGroup section */
		7E08660B1EE8E630005FA19F /* Main.storyboard */ = {
			isa = PBXVariantGroup;
			children = (
				7E08660C1EE8E630005FA19F /* Base */,
			);
			name = Main.storyboard;
			sourceTree = "<group>";
		};
		7E0866101EE8E630005FA19F /* LaunchScreen.storyboard */ = {
			isa = PBXVariantGroup;
			children = (
				7E0866111EE8E630005FA19F /* Base */,
			);
			name = LaunchScreen.storyboard;
			sourceTree = "<group>";
		};
/* End PBXVariantGroup section */

/* Begin XCBuildConfiguration section */
		7E08662A1EE8E630005FA19F /* Debug */ = {
			isa = XCBuildConfiguration;
			buildSettings = {
				ALWAYS_SEARCH_USER_PATHS = NO;
				CLANG_ANALYZER_NONNULL = YES;
				CLANG_ANALYZER_NUMBER_OBJECT_CONVERSION = YES_AGGRESSIVE;
				CLANG_CXX_LANGUAGE_STANDARD = "gnu++0x";
				CLANG_CXX_LIBRARY = "libc++";
				CLANG_ENABLE_MODULES = YES;
				CLANG_ENABLE_OBJC_ARC = YES;
				CLANG_WARN_BOOL_CONVERSION = YES;
				CLANG_WARN_CONSTANT_CONVERSION = YES;
				CLANG_WARN_DIRECT_OBJC_ISA_USAGE = YES_ERROR;
				CLANG_WARN_DOCUMENTATION_COMMENTS = YES;
				CLANG_WARN_EMPTY_BODY = YES;
				CLANG_WARN_ENUM_CONVERSION = YES;
				CLANG_WARN_INFINITE_RECURSION = YES;
				CLANG_WARN_INT_CONVERSION = YES;
				CLANG_WARN_OBJC_ROOT_CLASS = YES_ERROR;
				CLANG_WARN_SUSPICIOUS_MOVE = YES;
				CLANG_WARN_UNREACHABLE_CODE = YES;
				CLANG_WARN__DUPLICATE_METHOD_MATCH = YES;
				"CODE_SIGN_IDENTITY[sdk=iphoneos*]" = "iPhone Developer";
				COPY_PHASE_STRIP = NO;
				DEBUG_INFORMATION_FORMAT = dwarf;
				ENABLE_STRICT_OBJC_MSGSEND = YES;
				ENABLE_TESTABILITY = YES;
				GCC_C_LANGUAGE_STANDARD = gnu99;
				GCC_DYNAMIC_NO_PIC = NO;
				GCC_NO_COMMON_BLOCKS = YES;
				GCC_OPTIMIZATION_LEVEL = 0;
				GCC_PREPROCESSOR_DEFINITIONS = (
					"DEBUG=1",
					"$(inherited)",
				);
				GCC_WARN_64_TO_32_BIT_CONVERSION = YES;
				GCC_WARN_ABOUT_RETURN_TYPE = YES_ERROR;
				GCC_WARN_UNDECLARED_SELECTOR = YES;
				GCC_WARN_UNINITIALIZED_AUTOS = YES_AGGRESSIVE;
				GCC_WARN_UNUSED_FUNCTION = YES;
				GCC_WARN_UNUSED_VARIABLE = YES;
				IPHONEOS_DEPLOYMENT_TARGET = 10.3;
				MTL_ENABLE_DEBUG_INFO = YES;
				ONLY_ACTIVE_ARCH = YES;
				SDKROOT = iphoneos;
				TARGETED_DEVICE_FAMILY = "1,2";
			};
			name = Debug;
		};
		7E08662B1EE8E630005FA19F /* Release */ = {
			isa = XCBuildConfiguration;
			buildSettings = {
				ALWAYS_SEARCH_USER_PATHS = NO;
				CLANG_ANALYZER_NONNULL = YES;
				CLANG_ANALYZER_NUMBER_OBJECT_CONVERSION = YES_AGGRESSIVE;
				CLANG_CXX_LANGUAGE_STANDARD = "gnu++0x";
				CLANG_CXX_LIBRARY = "libc++";
				CLANG_ENABLE_MODULES = YES;
				CLANG_ENABLE_OBJC_ARC = YES;
				CLANG_WARN_BOOL_CONVERSION = YES;
				CLANG_WARN_CONSTANT_CONVERSION = YES;
				CLANG_WARN_DIRECT_OBJC_ISA_USAGE = YES_ERROR;
				CLANG_WARN_DOCUMENTATION_COMMENTS = YES;
				CLANG_WARN_EMPTY_BODY = YES;
				CLANG_WARN_ENUM_CONVERSION = YES;
				CLANG_WARN_INFINITE_RECURSION = YES;
				CLANG_WARN_INT_CONVERSION = YES;
				CLANG_WARN_OBJC_ROOT_CLASS = YES_ERROR;
				CLANG_WARN_SUSPICIOUS_MOVE = YES;
				CLANG_WARN_UNREACHABLE_CODE = YES;
				CLANG_WARN__DUPLICATE_METHOD_MATCH = YES;
				"CODE_SIGN_IDENTITY[sdk=iphoneos*]" = "iPhone Developer";
				COPY_PHASE_STRIP = NO;
				DEBUG_INFORMATION_FORMAT = "dwarf-with-dsym";
				ENABLE_NS_ASSERTIONS = NO;
				ENABLE_STRICT_OBJC_MSGSEND = YES;
				GCC_C_LANGUAGE_STANDARD = gnu99;
				GCC_NO_COMMON_BLOCKS = YES;
				GCC_WARN_64_TO_32_BIT_CONVERSION = YES;
				GCC_WARN_ABOUT_RETURN_TYPE = YES_ERROR;
				GCC_WARN_UNDECLARED_SELECTOR = YES;
				GCC_WARN_UNINITIALIZED_AUTOS = YES_AGGRESSIVE;
				GCC_WARN_UNUSED_FUNCTION = YES;
				GCC_WARN_UNUSED_VARIABLE = YES;
				IPHONEOS_DEPLOYMENT_TARGET = 10.3;
				MTL_ENABLE_DEBUG_INFO = NO;
				SDKROOT = iphoneos;
				TARGETED_DEVICE_FAMILY = "1,2";
				VALIDATE_PRODUCT = YES;
			};
			name = Release;
		};
		7E08662D1EE8E630005FA19F /* Debug */ = {
			isa = XCBuildConfiguration;
			buildSettings = {
				ASSETCATALOG_COMPILER_APPICON_NAME = AppIcon;
				DEVELOPMENT_TEAM = DXY592L98C;
				INFOPLIST_FILE = "引用计数学习/Info.plist";
				IPHONEOS_DEPLOYMENT_TARGET = 10.0;
				LD_RUNPATH_SEARCH_PATHS = "$(inherited) @executable_path/Frameworks";
				PRODUCT_BUNDLE_IDENTIFIER = "com.qwkj.EstateService.------";
				PRODUCT_NAME = "$(TARGET_NAME)";
			};
			name = Debug;
		};
		7E08662E1EE8E630005FA19F /* Release */ = {
			isa = XCBuildConfiguration;
			buildSettings = {
				ASSETCATALOG_COMPILER_APPICON_NAME = AppIcon;
				DEVELOPMENT_TEAM = DXY592L98C;
				INFOPLIST_FILE = "引用计数学习/Info.plist";
				IPHONEOS_DEPLOYMENT_TARGET = 10.0;
				LD_RUNPATH_SEARCH_PATHS = "$(inherited) @executable_path/Frameworks";
				PRODUCT_BUNDLE_IDENTIFIER = "com.qwkj.EstateService.------";
				PRODUCT_NAME = "$(TARGET_NAME)";
			};
			name = Release;
		};
		7E0866301EE8E630005FA19F /* Debug */ = {
			isa = XCBuildConfiguration;
			buildSettings = {
				BUNDLE_LOADER = "$(TEST_HOST)";
				DEVELOPMENT_TEAM = DXY592L98C;
				INFOPLIST_FILE = "引用计数学习Tests/Info.plist";
				LD_RUNPATH_SEARCH_PATHS = "$(inherited) @executable_path/Frameworks @loader_path/Frameworks";
				PRODUCT_BUNDLE_IDENTIFIER = "com.qwkj.EstateService.------Tests";
				PRODUCT_NAME = "$(TARGET_NAME)";
				TEST_HOST = "$(BUILT_PRODUCTS_DIR)/引用计数学习.app/引用计数学习";
			};
			name = Debug;
		};
		7E0866311EE8E630005FA19F /* Release */ = {
			isa = XCBuildConfiguration;
			buildSettings = {
				BUNDLE_LOADER = "$(TEST_HOST)";
				DEVELOPMENT_TEAM = DXY592L98C;
				INFOPLIST_FILE = "引用计数学习Tests/Info.plist";
				LD_RUNPATH_SEARCH_PATHS = "$(inherited) @executable_path/Frameworks @loader_path/Frameworks";
				PRODUCT_BUNDLE_IDENTIFIER = "com.qwkj.EstateService.------Tests";
				PRODUCT_NAME = "$(TARGET_NAME)";
				TEST_HOST = "$(BUILT_PRODUCTS_DIR)/引用计数学习.app/引用计数学习";
			};
			name = Release;
		};
		7E0866331EE8E630005FA19F /* Debug */ = {
			isa = XCBuildConfiguration;
			buildSettings = {
				DEVELOPMENT_TEAM = DXY592L98C;
				INFOPLIST_FILE = "引用计数学习UITests/Info.plist";
				LD_RUNPATH_SEARCH_PATHS = "$(inherited) @executable_path/Frameworks @loader_path/Frameworks";
				PRODUCT_BUNDLE_IDENTIFIER = "com.qwkj.EstateService.------UITests";
				PRODUCT_NAME = "$(TARGET_NAME)";
				TEST_TARGET_NAME = "引用计数学习";
			};
			name = Debug;
		};
		7E0866341EE8E630005FA19F /* Release */ = {
			isa = XCBuildConfiguration;
			buildSettings = {
				DEVELOPMENT_TEAM = DXY592L98C;
				INFOPLIST_FILE = "引用计数学习UITests/Info.plist";
				LD_RUNPATH_SEARCH_PATHS = "$(inherited) @executable_path/Frameworks @loader_path/Frameworks";
				PRODUCT_BUNDLE_IDENTIFIER = "com.qwkj.EstateService.------UITests";
				PRODUCT_NAME = "$(TARGET_NAME)";
				TEST_TARGET_NAME = "引用计数学习";
			};
			name = Release;
		};
/* End XCBuildConfiguration section */

/* Begin XCConfigurationList section */
		7E0865FA1EE8E630005FA19F /* Build configuration list for PBXProject "引用计数学习" */ = {
			isa = XCConfigurationList;
			buildConfigurations = (
				7E08662A1EE8E630005FA19F /* Debug */,
				7E08662B1EE8E630005FA19F /* Release */,
			);
			defaultConfigurationIsVisible = 0;
			defaultConfigurationName = Release;
		};
		7E08662C1EE8E630005FA19F /* Build configuration list for PBXNativeTarget "引用计数学习" */ = {
			isa = XCConfigurationList;
			buildConfigurations = (
				7E08662D1EE8E630005FA19F /* Debug */,
				7E08662E1EE8E630005FA19F /* Release */,
			);
			defaultConfigurationIsVisible = 0;
		};
		7E08662F1EE8E630005FA19F /* Build configuration list for PBXNativeTarget "引用计数学习Tests" */ = {
			isa = XCConfigurationList;
			buildConfigurations = (
				7E0866301EE8E630005FA19F /* Debug */,
				7E0866311EE8E630005FA19F /* Release */,
			);
			defaultConfigurationIsVisible = 0;
		};
		7E0866321EE8E630005FA19F /* Build configuration list for PBXNativeTarget "引用计数学习UITests" */ = {
			isa = XCConfigurationList;
			buildConfigurations = (
				7E0866331EE8E630005FA19F /* Debug */,
				7E0866341EE8E630005FA19F /* Release */,
			);
			defaultConfigurationIsVisible = 0;
		};
/* End XCConfigurationList section */
	};
	rootObject = 7E0865F71EE8E630005FA19F /* Project object */;
}
